
Microsoft Visual Studio Solution File, Format Version 12.00
# Visual Studio Version 16
VisualStudioVersion = 16.0.31112.23
MinimumVisualStudioVersion = 10.0.40219.1
Project("{9A19103F-16F7-4668-BE54-9A1E7A4F7556}") = "DaprFrontEnd", "DaprFrontEnd\DaprFrontEnd.csproj", "{9CE2303E-508E-48B7-AAEC-471E1B3CB09C}"
EndProject
Project("{E53339B2-1760-4266-BCC7-CA923CBCF16C}") = "docker-compose", "docker-compose.dcproj", "{C39E837C-BE8F-4A1D-907A-310CB33BFAF1}"
EndProject
Project("{9A19103F-16F7-4668-BE54-9A1E7A4F7556}") = "DaprBackEnd", "DaprBackEnd\DaprBackEnd.csproj", "{EB5F4A2B-A1AB-4630-81EA-471944FFBAF6}"
EndProject
Global
	GlobalSection(SolutionConfigurationPlatforms) = preSolution
		Debug|Any CPU = Debug|Any CPU
		Release|Any CPU = Release|Any CPU
	EndGlobalSection
	GlobalSection(ProjectConfigurationPlatforms) = postSolution
		{9CE2303E-508E-48B7-AAEC-471E1B3CB09C}.Debug|Any CPU.ActiveCfg = Debug|Any CPU
		{9CE2303E-508E-48B7-AAEC-471E1B3CB09C}.Debug|Any CPU.Build.0 = Debug|Any CPU
		{9CE2303E-508E-48B7-AAEC-471E1B3CB09C}.Release|Any CPU.ActiveCfg = Release|Any CPU
		{9CE2303E-508E-48B7-AAEC-471E1B3CB09C}.Release|Any CPU.Build.0 = Release|Any CPU
		{C39E837C-BE8F-4A1D-907A-310CB33BFAF1}.Debug|Any CPU.ActiveCfg = Debug|Any CPU
		{C39E837C-BE8F-4A1D-907A-310CB33BFAF1}.Debug|Any CPU.Build.0 = Debug|Any CPU
		{C39E837C-BE8F-4A1D-907A-310CB33BFAF1}.Release|Any CPU.ActiveCfg = Release|Any CPU
		{C39E837C-BE8F-4A1D-907A-310CB33BFAF1}.Release|Any CPU.Build.0 = Release|Any CPU
		{EB5F4A2B-A1AB-4630-81EA-471944FFBAF6}.Debug|Any CPU.ActiveCfg = Debug|Any CPU
		{EB5F4A2B-A1AB-4630-81EA-471944FFBAF6}.Debug|Any CPU.Build.0 = Debug|Any CPU
		{EB5F4A2B-A1AB-4630-81EA-471944FFBAF6}.Release|Any CPU.ActiveCfg = Release|Any CPU
		{EB5F4A2B-A1AB-4630-81EA-471944FFBAF6}.Release|Any CPU.Build.0 = Release|Any CPU
	EndGlobalSection
	GlobalSection(SolutionProperties) = preSolution
		HideSolutionNode = FALSE
	EndGlobalSection
	GlobalSection(ExtensibilityGlobals) = postSolution
		SolutionGuid = {D7611EBC-AE43-48E4-A408-52C293BB37EF}
	EndGlobalSection
EndGlobal
